{
  "name": "@hugorodriguesqw/mini-schema",
  "version": "1.0.0",
  "lockfileVersion": 3,
  "requires": true,
  "packages": {
    "": {
      "name": "@hugorodriguesqw/mini-schema",
      "version": "1.0.0",
      "license": "MIT",
      "dependencies": {
        "@hugorodriguesqw/mini-schema": "^1.0.0"
      }
    },
    "node_modules/@hugorodriguesqw/mini-schema": {
      "version": "1.0.0",
      "resolved": "https://registry.npmjs.org/@hugorodriguesqw/mini-schema/-/mini-schema-1.0.0.tgz",
      "integrity": "sha512-TKZv2SW7i0ERuia0HSMzg8BVVYZZSVEbF38zz8VFIAqyLWyE3cq8bUm9uATZCoS8uHnMZ2SPP5hWIZjk8LW3Pg=="
    }
  }
}
